
Microsoft Visual Studio Solution File, Format Version 12.00
# Visual Studio Version 17
VisualStudioVersion = 17.3.32929.385
MinimumVisualStudioVersion = 10.0.40219.1
Project("{FAE04EC0-301F-11D3-BF4B-00C04F79EFBC}") = "SteamFormsAppV1", "SteamFormsAppV1.csproj", "{9BCDD9FA-6CE1-41E6-B1F7-47BEFB57E483}"
EndProject
Global
	GlobalSection(SolutionConfigurationPlatforms) = preSolution
		Debug|Any CPU = Debug|Any CPU
		Release|Any CPU = Release|Any CPU
	EndGlobalSection
	GlobalSection(ProjectConfigurationPlatforms) = postSolution
		{9BCDD9FA-6CE1-41E6-B1F7-47BEFB57E483}.Debug|Any CPU.ActiveCfg = Debug|Any CPU
		{9BCDD9FA-6CE1-41E6-B1F7-47BEFB57E483}.Debug|Any CPU.Build.0 = Debug|Any CPU
		{9BCDD9FA-6CE1-41E6-B1F7-47BEFB57E483}.Release|Any CPU.ActiveCfg = Release|Any CPU
		{9BCDD9FA-6CE1-41E6-B1F7-47BEFB57E483}.Release|Any CPU.Build.0 = Release|Any CPU
	EndGlobalSection
	GlobalSection(SolutionProperties) = preSolution
		HideSolutionNode = FALSE
	EndGlobalSection
	GlobalSection(ExtensibilityGlobals) = postSolution
		SolutionGuid = {816D46FA-8508-4647-BAD0-130487C3C93F}
	EndGlobalSection
EndGlobal
